
Microsoft Visual Studio Solution File, Format Version 12.00
# Visual Studio Version 17
VisualStudioVersion = 17.11.35222.181
MinimumVisualStudioVersion = 10.0.40219.1
Project("{FAE04EC0-301F-11D3-BF4B-00C04F79EFBC}") = "WpfZooApp", "WpfZooApp\WpfZooApp.csproj", "{80E71C07-1ED9-4174-97C3-961BC7C3D440}"
EndProject
Global
	GlobalSection(SolutionConfigurationPlatforms) = preSolution
		Debug|Any CPU = Debug|Any CPU
		Release|Any CPU = Release|Any CPU
	EndGlobalSection
	GlobalSection(ProjectConfigurationPlatforms) = postSolution
		{80E71C07-1ED9-4174-97C3-961BC7C3D440}.Debug|Any CPU.ActiveCfg = Debug|Any CPU
		{80E71C07-1ED9-4174-97C3-961BC7C3D440}.Debug|Any CPU.Build.0 = Debug|Any CPU
		{80E71C07-1ED9-4174-97C3-961BC7C3D440}.Release|Any CPU.ActiveCfg = Release|Any CPU
		{80E71C07-1ED9-4174-97C3-961BC7C3D440}.Release|Any CPU.Build.0 = Release|Any CPU
	EndGlobalSection
	GlobalSection(SolutionProperties) = preSolution
		HideSolutionNode = FALSE
	EndGlobalSection
	GlobalSection(ExtensibilityGlobals) = postSolution
		SolutionGuid = {78D93677-8B7E-434F-A776-623EC1B28B90}
	EndGlobalSection
EndGlobal
